
Microsoft Visual Studio Solution File, Format Version 12.00
# Visual Studio Version 17
VisualStudioVersion = 17.3.32819.101
MinimumVisualStudioVersion = 10.0.40219.1
Project("{FAE04EC0-301F-11D3-BF4B-00C04F79EFBC}") = "MVCBulkyBook", "MVCBulkyBook.csproj", "{9B318F38-0C85-44BA-A77E-DC99770E4AAB}"
EndProject
Global
	GlobalSection(SolutionConfigurationPlatforms) = preSolution
		Debug|Any CPU = Debug|Any CPU
		Release|Any CPU = Release|Any CPU
	EndGlobalSection
	GlobalSection(ProjectConfigurationPlatforms) = postSolution
		{9B318F38-0C85-44BA-A77E-DC99770E4AAB}.Debug|Any CPU.ActiveCfg = Debug|Any CPU
		{9B318F38-0C85-44BA-A77E-DC99770E4AAB}.Debug|Any CPU.Build.0 = Debug|Any CPU
		{9B318F38-0C85-44BA-A77E-DC99770E4AAB}.Release|Any CPU.ActiveCfg = Release|Any CPU
		{9B318F38-0C85-44BA-A77E-DC99770E4AAB}.Release|Any CPU.Build.0 = Release|Any CPU
	EndGlobalSection
	GlobalSection(SolutionProperties) = preSolution
		HideSolutionNode = FALSE
	EndGlobalSection
	GlobalSection(ExtensibilityGlobals) = postSolution
		SolutionGuid = {A3671E0F-5354-464E-AEFB-9985FF9B2E36}
	EndGlobalSection
EndGlobal
